
Microsoft Visual Studio Solution File, Format Version 12.00
# Visual Studio 15
VisualStudioVersion = 15.0.28307.438
MinimumVisualStudioVersion = 10.0.40219.1
Project("{FAE04EC0-301F-11D3-BF4B-00C04F79EFBC}") = "InventoryXam.Android", "InventoryXam\InventoryXam.Android\InventoryXam.Android.csproj", "{DFF5F8AA-89AB-4225-B46B-791ED1E68284}"
EndProject
Project("{FAE04EC0-301F-11D3-BF4B-00C04F79EFBC}") = "InventoryXam.iOS", "InventoryXam\InventoryXam.iOS\InventoryXam.iOS.csproj", "{8D556B3C-70FA-4A8E-84D7-3E072B95E476}"
EndProject
Project("{FAE04EC0-301F-11D3-BF4B-00C04F79EFBC}") = "InventoryXam.UWP", "InventoryXam\InventoryXam.UWP\InventoryXam.UWP.csproj", "{0B78B782-F4AE-4CE7-9273-772D1521C1C0}"
EndProject
Project("{FAE04EC0-301F-11D3-BF4B-00C04F79EFBC}") = "InventoryXam", "InventoryXam\InventoryXam\InventoryXam.csproj", "{42E94BB3-11FB-402C-A8BF-774D2E997592}"
EndProject
Global
	GlobalSection(SolutionConfigurationPlatforms) = preSolution
		Ad-Hoc|Any CPU = Ad-Hoc|Any CPU
		Ad-Hoc|ARM = Ad-Hoc|ARM
		Ad-Hoc|iPhone = Ad-Hoc|iPhone
		Ad-Hoc|iPhoneSimulator = Ad-Hoc|iPhoneSimulator
		Ad-Hoc|x64 = Ad-Hoc|x64
		Ad-Hoc|x86 = Ad-Hoc|x86
		AppStore|Any CPU = AppStore|Any CPU
		AppStore|ARM = AppStore|ARM
		AppStore|iPhone = AppStore|iPhone
		AppStore|iPhoneSimulator = AppStore|iPhoneSimulator
		AppStore|x64 = AppStore|x64
		AppStore|x86 = AppStore|x86
		Debug|Any CPU = Debug|Any CPU
		Debug|ARM = Debug|ARM
		Debug|iPhone = Debug|iPhone
		Debug|iPhoneSimulator = Debug|iPhoneSimulator
		Debug|x64 = Debug|x64
		Debug|x86 = Debug|x86
		Release|Any CPU = Release|Any CPU
		Release|ARM = Release|ARM
		Release|iPhone = Release|iPhone
		Release|iPhoneSimulator = Release|iPhoneSimulator
		Release|x64 = Release|x64
		Release|x86 = Release|x86
	EndGlobalSection
	GlobalSection(ProjectConfigurationPlatforms) = postSolution
		{DFF5F8AA-89AB-4225-B46B-791ED1E68284}.Ad-Hoc|Any CPU.ActiveCfg = Release|Any CPU
		{DFF5F8AA-89AB-4225-B46B-791ED1E68284}.Ad-Hoc|Any CPU.Build.0 = Release|Any CPU
		{DFF5F8AA-89AB-4225-B46B-791ED1E68284}.Ad-Hoc|Any CPU.Deploy.0 = Release|Any CPU
		{DFF5F8AA-89AB-4225-B46B-791ED1E68284}.Ad-Hoc|ARM.ActiveCfg = Release|Any CPU
		{DFF5F8AA-89AB-4225-B46B-791ED1E68284}.Ad-Hoc|ARM.Build.0 = Release|Any CPU
		{DFF5F8AA-89AB-4225-B46B-791ED1E68284}.Ad-Hoc|ARM.Deploy.0 = Release|Any CPU
		{DFF5F8AA-89AB-4225-B46B-791ED1E68284}.Ad-Hoc|iPhone.ActiveCfg = Release|Any CPU
		{DFF5F8AA-89AB-4225-B46B-791ED1E68284}.Ad-Hoc|iPhone.Build.0 = Release|Any CPU
		{DFF5F8AA-89AB-4225-B46B-791ED1E68284}.Ad-Hoc|iPhone.Deploy.0 = Release|Any CPU
		{DFF5F8AA-89AB-4225-B46B-791ED1E68284}.Ad-Hoc|iPhoneSimulator.ActiveCfg = Release|Any CPU
		{DFF5F8AA-89AB-4225-B46B-791ED1E68284}.Ad-Hoc|iPhoneSimulator.Build.0 = Release|Any CPU
		{DFF5F8AA-89AB-4225-B46B-791ED1E68284}.Ad-Hoc|iPhoneSimulator.Deploy.0 = Release|Any CPU
		{DFF5F8AA-89AB-4225-B46B-791ED1E68284}.Ad-Hoc|x64.ActiveCfg = Release|Any CPU
		{DFF5F8AA-89AB-4225-B46B-791ED1E68284}.Ad-Hoc|x64.Build.0 = Release|Any CPU
		{DFF5F8AA-89AB-4225-B46B-791ED1E68284}.Ad-Hoc|x64.Deploy.0 = Release|Any CPU
		{DFF5F8AA-89AB-4225-B46B-791ED1E68284}.Ad-Hoc|x86.ActiveCfg = Release|Any CPU
		{DFF5F8AA-89AB-4225-B46B-791ED1E68284}.Ad-Hoc|x86.Build.0 = Release|Any CPU
		{DFF5F8AA-89AB-4225-B46B-791ED1E68284}.Ad-Hoc|x86.Deploy.0 = Release|Any CPU
		{DFF5F8AA-89AB-4225-B46B-791ED1E68284}.AppStore|Any CPU.ActiveCfg = Release|Any CPU
		{DFF5F8AA-89AB-4225-B46B-791ED1E68284}.AppStore|Any CPU.Build.0 = Release|Any CPU
		{DFF5F8AA-89AB-4225-B46B-791ED1E68284}.AppStore|Any CPU.Deploy.0 = Release|Any CPU
		{DFF5F8AA-89AB-4225-B46B-791ED1E68284}.AppStore|ARM.ActiveCfg = Release|Any CPU
		{DFF5F8AA-89AB-4225-B46B-791ED1E68284}.AppStore|ARM.Build.0 = Release|Any CPU
		{DFF5F8AA-89AB-4225-B46B-791ED1E68284}.AppStore|ARM.Deploy.0 = Release|Any CPU
		{DFF5F8AA-89AB-4225-B46B-791ED1E68284}.AppStore|iPhone.ActiveCfg = Release|Any CPU
		{DFF5F8AA-89AB-4225-B46B-791ED1E68284}.AppStore|iPhone.Build.0 = Release|Any CPU
		{DFF5F8AA-89AB-4225-B46B-791ED1E68284}.AppStore|iPhone.Deploy.0 = Release|Any CPU
		{DFF5F8AA-89AB-4225-B46B-791ED1E68284}.AppStore|iPhoneSimulator.ActiveCfg = Release|Any CPU
		{DFF5F8AA-89AB-4225-B46B-791ED1E68284}.AppStore|iPhoneSimulator.Build.0 = Release|Any CPU
		{DFF5F8AA-89AB-4225-B46B-791ED1E68284}.AppStore|iPhoneSimulator.Deploy.0 = Release|Any CPU
		{DFF5F8AA-89AB-4225-B46B-791ED1E68284}.AppStore|x64.ActiveCfg = Release|Any CPU
		{DFF5F8AA-89AB-4225-B46B-791ED1E68284}.AppStore|x64.Build.0 = Release|Any CPU
		{DFF5F8AA-89AB-4225-B46B-791ED1E68284}.AppStore|x64.Deploy.0 = Release|Any CPU
		{DFF5F8AA-89AB-4225-B46B-791ED1E68284}.AppStore|x86.ActiveCfg = Release|Any CPU
		{DFF5F8AA-89AB-4225-B46B-791ED1E68284}.AppStore|x86.Build.0 = Release|Any CPU
		{DFF5F8AA-89AB-4225-B46B-791ED1E68284}.AppStore|x86.Deploy.0 = Release|Any CPU
		{DFF5F8AA-89AB-4225-B46B-791ED1E68284}.Debug|Any CPU.ActiveCfg = Debug|Any CPU
		{DFF5F8AA-89AB-4225-B46B-791ED1E68284}.Debug|Any CPU.Build.0 = Debug|Any CPU
		{DFF5F8AA-89AB-4225-B46B-791ED1E68284}.Debug|Any CPU.Deploy.0 = Debug|Any CPU
		{DFF5F8AA-89AB-4225-B46B-791ED1E68284}.Debug|ARM.ActiveCfg = Debug|Any CPU
		{DFF5F8AA-89AB-4225-B46B-791ED1E68284}.Debug|ARM.Build.0 = Debug|Any CPU
		{DFF5F8AA-89AB-4225-B46B-791ED1E68284}.Debug|ARM.Deploy.0 = Debug|Any CPU
		{DFF5F8AA-89AB-4225-B46B-791ED1E68284}.Debug|iPhone.ActiveCfg = Debug|Any CPU
		{DFF5F8AA-89AB-4225-B46B-791ED1E68284}.Debug|iPhone.Build.0 = Debug|Any CPU
		{DFF5F8AA-89AB-4225-B46B-791ED1E68284}.Debug|iPhone.Deploy.0 = Debug|Any CPU
		{DFF5F8AA-89AB-4225-B46B-791ED1E68284}.Debug|iPhoneSimulator.ActiveCfg = Debug|Any CPU
		{DFF5F8AA-89AB-4225-B46B-791ED1E68284}.Debug|iPhoneSimulator.Build.0 = Debug|Any CPU
		{DFF5F8AA-89AB-4225-B46B-791ED1E68284}.Debug|iPhoneSimulator.Deploy.0 = Debug|Any CPU
		{DFF5F8AA-89AB-4225-B46B-791ED1E68284}.Debug|x64.ActiveCfg = Debug|Any CPU
		{DFF5F8AA-89AB-4225-B46B-791ED1E68284}.Debug|x64.Build.0 = Debug|Any CPU
		{DFF5F8AA-89AB-4225-B46B-791ED1E68284}.Debug|x64.Deploy.0 = Debug|Any CPU
		{DFF5F8AA-89AB-4225-B46B-791ED1E68284}.Debug|x86.ActiveCfg = Debug|Any CPU
		{DFF5F8AA-89AB-4225-B46B-791ED1E68284}.Debug|x86.Build.0 = Debug|Any CPU
		{DFF5F8AA-89AB-4225-B46B-791ED1E68284}.Debug|x86.Deploy.0 = Debug|Any CPU
		{DFF5F8AA-89AB-4225-B46B-791ED1E68284}.Release|Any CPU.ActiveCfg = Release|Any CPU
		{DFF5F8AA-89AB-4225-B46B-791ED1E68284}.Release|Any CPU.Build.0 = Release|Any CPU
		{DFF5F8AA-89AB-4225-B46B-791ED1E68284}.Release|Any CPU.Deploy.0 = Release|Any CPU
		{DFF5F8AA-89AB-4225-B46B-791ED1E68284}.Release|ARM.ActiveCfg = Release|Any CPU
		{DFF5F8AA-89AB-4225-B46B-791ED1E68284}.Release|ARM.Build.0 = Release|Any CPU
		{DFF5F8AA-89AB-4225-B46B-791ED1E68284}.Release|ARM.Deploy.0 = Release|Any CPU
		{DFF5F8AA-89AB-4225-B46B-791ED1E68284}.Release|iPhone.ActiveCfg = Release|Any CPU
		{DFF5F8AA-89AB-4225-B46B-791ED1E68284}.Release|iPhone.Build.0 = Release|Any CPU
		{DFF5F8AA-89AB-4225-B46B-791ED1E68284}.Release|iPhone.Deploy.0 = Release|Any CPU
		{DFF5F8AA-89AB-4225-B46B-791ED1E68284}.Release|iPhoneSimulator.ActiveCfg = Release|Any CPU
		{DFF5F8AA-89AB-4225-B46B-791ED1E68284}.Release|iPhoneSimulator.Build.0 = Release|Any CPU
		{DFF5F8AA-89AB-4225-B46B-791ED1E68284}.Release|iPhoneSimulator.Deploy.0 = Release|Any CPU
		{DFF5F8AA-89AB-4225-B46B-791ED1E68284}.Release|x64.ActiveCfg = Release|Any CPU
		{DFF5F8AA-89AB-4225-B46B-791ED1E68284}.Release|x64.Build.0 = Release|Any CPU
		{DFF5F8AA-89AB-4225-B46B-791ED1E68284}.Release|x64.Deploy.0 = Release|Any CPU
		{DFF5F8AA-89AB-4225-B46B-791ED1E68284}.Release|x86.ActiveCfg = Release|Any CPU
		{DFF5F8AA-89AB-4225-B46B-791ED1E68284}.Release|x86.Build.0 = Release|Any CPU
		{DFF5F8AA-89AB-4225-B46B-791ED1E68284}.Release|x86.Deploy.0 = Release|Any CPU
		{8D556B3C-70FA-4A8E-84D7-3E072B95E476}.Ad-Hoc|Any CPU.ActiveCfg = Ad-Hoc|iPhone
		{8D556B3C-70FA-4A8E-84D7-3E072B95E476}.Ad-Hoc|Any CPU.Build.0 = Ad-Hoc|iPhone
		{8D556B3C-70FA-4A8E-84D7-3E072B95E476}.Ad-Hoc|Any CPU.Deploy.0 = Ad-Hoc|iPhone
		{8D556B3C-70FA-4A8E-84D7-3E072B95E476}.Ad-Hoc|ARM.ActiveCfg = Ad-Hoc|iPhone
		{8D556B3C-70FA-4A8E-84D7-3E072B95E476}.Ad-Hoc|ARM.Build.0 = Ad-Hoc|iPhone
		{8D556B3C-70FA-4A8E-84D7-3E072B95E476}.Ad-Hoc|ARM.Deploy.0 = Ad-Hoc|iPhone
		{8D556B3C-70FA-4A8E-84D7-3E072B95E476}.Ad-Hoc|iPhone.ActiveCfg = Ad-Hoc|iPhone
		{8D556B3C-70FA-4A8E-84D7-3E072B95E476}.Ad-Hoc|iPhone.Build.0 = Ad-Hoc|iPhone
		{8D556B3C-70FA-4A8E-84D7-3E072B95E476}.Ad-Hoc|iPhone.Deploy.0 = Ad-Hoc|iPhone
		{8D556B3C-70FA-4A8E-84D7-3E072B95E476}.Ad-Hoc|iPhoneSimulator.ActiveCfg = Ad-Hoc|iPhoneSimulator
		{8D556B3C-70FA-4A8E-84D7-3E072B95E476}.Ad-Hoc|iPhoneSimulator.Build.0 = Ad-Hoc|iPhoneSimulator
		{8D556B3C-70FA-4A8E-84D7-3E072B95E476}.Ad-Hoc|iPhoneSimulator.Deploy.0 = Ad-Hoc|iPhoneSimulator
		{8D556B3C-70FA-4A8E-84D7-3E072B95E476}.Ad-Hoc|x64.ActiveCfg = Ad-Hoc|iPhone
		{8D556B3C-70FA-4A8E-84D7-3E072B95E476}.Ad-Hoc|x64.Build.0 = Ad-Hoc|iPhone
		{8D556B3C-70FA-4A8E-84D7-3E072B95E476}.Ad-Hoc|x64.Deploy.0 = Ad-Hoc|iPhone
		{8D556B3C-70FA-4A8E-84D7-3E072B95E476}.Ad-Hoc|x86.ActiveCfg = Ad-Hoc|iPhone
		{8D556B3C-70FA-4A8E-84D7-3E072B95E476}.Ad-Hoc|x86.Build.0 = Ad-Hoc|iPhone
		{8D556B3C-70FA-4A8E-84D7-3E072B95E476}.Ad-Hoc|x86.Deploy.0 = Ad-Hoc|iPhone
		{8D556B3C-70FA-4A8E-84D7-3E072B95E476}.AppStore|Any CPU.ActiveCfg = AppStore|iPhone
		{8D556B3C-70FA-4A8E-84D7-3E072B95E476}.AppStore|Any CPU.Build.0 = AppStore|iPhone
		{8D556B3C-70FA-4A8E-84D7-3E072B95E476}.AppStore|Any CPU.Deploy.0 = AppStore|iPhone
		{8D556B3C-70FA-4A8E-84D7-3E072B95E476}.AppStore|ARM.ActiveCfg = AppStore|iPhone
		{8D556B3C-70FA-4A8E-84D7-3E072B95E476}.AppStore|ARM.Build.0 = AppStore|iPhone
		{8D556B3C-70FA-4A8E-84D7-3E072B95E476}.AppStore|ARM.Deploy.0 = AppStore|iPhone
		{8D556B3C-70FA-4A8E-84D7-3E072B95E476}.AppStore|iPhone.ActiveCfg = AppStore|iPhone
		{8D556B3C-70FA-4A8E-84D7-3E072B95E476}.AppStore|iPhone.Build.0 = AppStore|iPhone
		{8D556B3C-70FA-4A8E-84D7-3E072B95E476}.AppStore|iPhone.Deploy.0 = AppStore|iPhone
		{8D556B3C-70FA-4A8E-84D7-3E072B95E476}.AppStore|iPhoneSimulator.ActiveCfg = AppStore|iPhoneSimulator
		{8D556B3C-70FA-4A8E-84D7-3E072B95E476}.AppStore|iPhoneSimulator.Build.0 = AppStore|iPhoneSimulator
		{8D556B3C-70FA-4A8E-84D7-3E072B95E476}.AppStore|iPhoneSimulator.Deploy.0 = AppStore|iPhoneSimulator
		{8D556B3C-70FA-4A8E-84D7-3E072B95E476}.AppStore|x64.ActiveCfg = AppStore|iPhone
		{8D556B3C-70FA-4A8E-84D7-3E072B95E476}.AppStore|x64.Build.0 = AppStore|iPhone
		{8D556B3C-70FA-4A8E-84D7-3E072B95E476}.AppStore|x64.Deploy.0 = AppStore|iPhone
		{8D556B3C-70FA-4A8E-84D7-3E072B95E476}.AppStore|x86.ActiveCfg = AppStore|iPhone
		{8D556B3C-70FA-4A8E-84D7-3E072B95E476}.AppStore|x86.Build.0 = AppStore|iPhone
		{8D556B3C-70FA-4A8E-84D7-3E072B95E476}.AppStore|x86.Deploy.0 = AppStore|iPhone
		{8D556B3C-70FA-4A8E-84D7-3E072B95E476}.Debug|Any CPU.ActiveCfg = Debug|iPhoneSimulator
		{8D556B3C-70FA-4A8E-84D7-3E072B95E476}.Debug|Any CPU.Build.0 = Debug|iPhoneSimulator
		{8D556B3C-70FA-4A8E-84D7-3E072B95E476}.Debug|Any CPU.Deploy.0 = Debug|iPhoneSimulator
		{8D556B3C-70FA-4A8E-84D7-3E072B95E476}.Debug|ARM.ActiveCfg = Debug|iPhone
		{8D556B3C-70FA-4A8E-84D7-3E072B95E476}.Debug|ARM.Build.0 = Debug|iPhone
		{8D556B3C-70FA-4A8E-84D7-3E072B95E476}.Debug|ARM.Deploy.0 = Debug|iPhone
		{8D556B3C-70FA-4A8E-84D7-3E072B95E476}.Debug|iPhone.ActiveCfg = Debug|iPhone
		{8D556B3C-70FA-4A8E-84D7-3E072B95E476}.Debug|iPhone.Build.0 = Debug|iPhone
		{8D556B3C-70FA-4A8E-84D7-3E072B95E476}.Debug|iPhone.Deploy.0 = Debug|iPhone
		{8D556B3C-70FA-4A8E-84D7-3E072B95E476}.Debug|iPhoneSimulator.ActiveCfg = Debug|iPhoneSimulator
		{8D556B3C-70FA-4A8E-84D7-3E072B95E476}.Debug|iPhoneSimulator.Build.0 = Debug|iPhoneSimulator
		{8D556B3C-70FA-4A8E-84D7-3E072B95E476}.Debug|iPhoneSimulator.Deploy.0 = Debug|iPhoneSimulator
		{8D556B3C-70FA-4A8E-84D7-3E072B95E476}.Debug|x64.ActiveCfg = Debug|iPhone
		{8D556B3C-70FA-4A8E-84D7-3E072B95E476}.Debug|x64.Build.0 = Debug|iPhone
		{8D556B3C-70FA-4A8E-84D7-3E072B95E476}.Debug|x64.Deploy.0 = Debug|iPhone
		{8D556B3C-70FA-4A8E-84D7-3E072B95E476}.Debug|x86.ActiveCfg = Debug|iPhone
		{8D556B3C-70FA-4A8E-84D7-3E072B95E476}.Debug|x86.Build.0 = Debug|iPhone
		{8D556B3C-70FA-4A8E-84D7-3E072B95E476}.Debug|x86.Deploy.0 = Debug|iPhone
		{8D556B3C-70FA-4A8E-84D7-3E072B95E476}.Release|Any CPU.ActiveCfg = Release|iPhone
		{8D556B3C-70FA-4A8E-84D7-3E072B95E476}.Release|Any CPU.Build.0 = Release|iPhone
		{8D556B3C-70FA-4A8E-84D7-3E072B95E476}.Release|Any CPU.Deploy.0 = Release|iPhone
		{8D556B3C-70FA-4A8E-84D7-3E072B95E476}.Release|ARM.ActiveCfg = Release|iPhone
		{8D556B3C-70FA-4A8E-84D7-3E072B95E476}.Release|ARM.Build.0 = Release|iPhone
		{8D556B3C-70FA-4A8E-84D7-3E072B95E476}.Release|ARM.Deploy.0 = Release|iPhone
		{8D556B3C-70FA-4A8E-84D7-3E072B95E476}.Release|iPhone.ActiveCfg = Release|iPhone
		{8D556B3C-70FA-4A8E-84D7-3E072B95E476}.Release|iPhone.Build.0 = Release|iPhone
		{8D556B3C-70FA-4A8E-84D7-3E072B95E476}.Release|iPhone.Deploy.0 = Release|iPhone
		{8D556B3C-70FA-4A8E-84D7-3E072B95E476}.Release|iPhoneSimulator.ActiveCfg = Release|iPhoneSimulator
		{8D556B3C-70FA-4A8E-84D7-3E072B95E476}.Release|iPhoneSimulator.Build.0 = Release|iPhoneSimulator
		{8D556B3C-70FA-4A8E-84D7-3E072B95E476}.Release|iPhoneSimulator.Deploy.0 = Release|iPhoneSimulator
		{8D556B3C-70FA-4A8E-84D7-3E072B95E476}.Release|x64.ActiveCfg = Release|iPhone
		{8D556B3C-70FA-4A8E-84D7-3E072B95E476}.Release|x64.Build.0 = Release|iPhone
		{8D556B3C-70FA-4A8E-84D7-3E072B95E476}.Release|x64.Deploy.0 = Release|iPhone
		{8D556B3C-70FA-4A8E-84D7-3E072B95E476}.Release|x86.ActiveCfg = Release|iPhone
		{8D556B3C-70FA-4A8E-84D7-3E072B95E476}.Release|x86.Build.0 = Release|iPhone
		{8D556B3C-70FA-4A8E-84D7-3E072B95E476}.Release|x86.Deploy.0 = Release|iPhone
		{0B78B782-F4AE-4CE7-9273-772D1521C1C0}.Ad-Hoc|Any CPU.ActiveCfg = Release|x86
		{0B78B782-F4AE-4CE7-9273-772D1521C1C0}.Ad-Hoc|Any CPU.Build.0 = Release|x86
		{0B78B782-F4AE-4CE7-9273-772D1521C1C0}.Ad-Hoc|Any CPU.Deploy.0 = Release|x86
		{0B78B782-F4AE-4CE7-9273-772D1521C1C0}.Ad-Hoc|ARM.ActiveCfg = Release|ARM
		{0B78B782-F4AE-4CE7-9273-772D1521C1C0}.Ad-Hoc|ARM.Build.0 = Release|ARM
		{0B78B782-F4AE-4CE7-9273-772D1521C1C0}.Ad-Hoc|ARM.Deploy.0 = Release|ARM
		{0B78B782-F4AE-4CE7-9273-772D1521C1C0}.Ad-Hoc|iPhone.ActiveCfg = Release|x86
		{0B78B782-F4AE-4CE7-9273-772D1521C1C0}.Ad-Hoc|iPhone.Build.0 = Release|x86
		{0B78B782-F4AE-4CE7-9273-772D1521C1C0}.Ad-Hoc|iPhone.Deploy.0 = Release|x86
		{0B78B782-F4AE-4CE7-9273-772D1521C1C0}.Ad-Hoc|iPhoneSimulator.ActiveCfg = Release|x86
		{0B78B782-F4AE-4CE7-9273-772D1521C1C0}.Ad-Hoc|iPhoneSimulator.Build.0 = Release|x86
		{0B78B782-F4AE-4CE7-9273-772D1521C1C0}.Ad-Hoc|iPhoneSimulator.Deploy.0 = Release|x86
		{0B78B782-F4AE-4CE7-9273-772D1521C1C0}.Ad-Hoc|x64.ActiveCfg = Release|x64
		{0B78B782-F4AE-4CE7-9273-772D1521C1C0}.Ad-Hoc|x64.Build.0 = Release|x64
		{0B78B782-F4AE-4CE7-9273-772D1521C1C0}.Ad-Hoc|x64.Deploy.0 = Release|x64
		{0B78B782-F4AE-4CE7-9273-772D1521C1C0}.Ad-Hoc|x86.ActiveCfg = Release|x86
		{0B78B782-F4AE-4CE7-9273-772D1521C1C0}.Ad-Hoc|x86.Build.0 = Release|x86
		{0B78B782-F4AE-4CE7-9273-772D1521C1C0}.Ad-Hoc|x86.Deploy.0 = Release|x86
		{0B78B782-F4AE-4CE7-9273-772D1521C1C0}.AppStore|Any CPU.ActiveCfg = Release|x86
		{0B78B782-F4AE-4CE7-9273-772D1521C1C0}.AppStore|Any CPU.Build.0 = Release|x86
		{0B78B782-F4AE-4CE7-9273-772D1521C1C0}.AppStore|Any CPU.Deploy.0 = Release|x86
		{0B78B782-F4AE-4CE7-9273-772D1521C1C0}.AppStore|ARM.ActiveCfg = Release|ARM
		{0B78B782-F4AE-4CE7-9273-772D1521C1C0}.AppStore|ARM.Build.0 = Release|ARM
		{0B78B782-F4AE-4CE7-9273-772D1521C1C0}.AppStore|ARM.Deploy.0 = Release|ARM
		{0B78B782-F4AE-4CE7-9273-772D1521C1C0}.AppStore|iPhone.ActiveCfg = Release|x86
		{0B78B782-F4AE-4CE7-9273-772D1521C1C0}.AppStore|iPhone.Build.0 = Release|x86
		{0B78B782-F4AE-4CE7-9273-772D1521C1C0}.AppStore|iPhone.Deploy.0 = Release|x86
		{0B78B782-F4AE-4CE7-9273-772D1521C1C0}.AppStore|iPhoneSimulator.ActiveCfg = Release|x86
		{0B78B782-F4AE-4CE7-9273-772D1521C1C0}.AppStore|iPhoneSimulator.Build.0 = Release|x86
		{0B78B782-F4AE-4CE7-9273-772D1521C1C0}.AppStore|iPhoneSimulator.Deploy.0 = Release|x86
		{0B78B782-F4AE-4CE7-9273-772D1521C1C0}.AppStore|x64.ActiveCfg = Release|x64
		{0B78B782-F4AE-4CE7-9273-772D1521C1C0}.AppStore|x64.Build.0 = Release|x64
		{0B78B782-F4AE-4CE7-9273-772D1521C1C0}.AppStore|x64.Deploy.0 = Release|x64
		{0B78B782-F4AE-4CE7-9273-772D1521C1C0}.AppStore|x86.ActiveCfg = Release|x86
		{0B78B782-F4AE-4CE7-9273-772D1521C1C0}.AppStore|x86.Build.0 = Release|x86
		{0B78B782-F4AE-4CE7-9273-772D1521C1C0}.AppStore|x86.Deploy.0 = Release|x86
		{0B78B782-F4AE-4CE7-9273-772D1521C1C0}.Debug|Any CPU.ActiveCfg = Debug|x86
		{0B78B782-F4AE-4CE7-9273-772D1521C1C0}.Debug|Any CPU.Build.0 = Debug|x86
		{0B78B782-F4AE-4CE7-9273-772D1521C1C0}.Debug|Any CPU.Deploy.0 = Debug|x86
		{0B78B782-F4AE-4CE7-9273-772D1521C1C0}.Debug|ARM.ActiveCfg = Debug|ARM
		{0B78B782-F4AE-4CE7-9273-772D1521C1C0}.Debug|ARM.Build.0 = Debug|ARM
		{0B78B782-F4AE-4CE7-9273-772D1521C1C0}.Debug|ARM.Deploy.0 = Debug|ARM
		{0B78B782-F4AE-4CE7-9273-772D1521C1C0}.Debug|iPhone.ActiveCfg = Debug|x86
		{0B78B782-F4AE-4CE7-9273-772D1521C1C0}.Debug|iPhone.Build.0 = Debug|x86
		{0B78B782-F4AE-4CE7-9273-772D1521C1C0}.Debug|iPhone.Deploy.0 = Debug|x86
		{0B78B782-F4AE-4CE7-9273-772D1521C1C0}.Debug|iPhoneSimulator.ActiveCfg = Debug|x86
		{0B78B782-F4AE-4CE7-9273-772D1521C1C0}.Debug|iPhoneSimulator.Build.0 = Debug|x86
		{0B78B782-F4AE-4CE7-9273-772D1521C1C0}.Debug|iPhoneSimulator.Deploy.0 = Debug|x86
		{0B78B782-F4AE-4CE7-9273-772D1521C1C0}.Debug|x64.ActiveCfg = Debug|x64
		{0B78B782-F4AE-4CE7-9273-772D1521C1C0}.Debug|x64.Build.0 = Debug|x64
		{0B78B782-F4AE-4CE7-9273-772D1521C1C0}.Debug|x64.Deploy.0 = Debug|x64
		{0B78B782-F4AE-4CE7-9273-772D1521C1C0}.Debug|x86.ActiveCfg = Debug|x86
		{0B78B782-F4AE-4CE7-9273-772D1521C1C0}.Debug|x86.Build.0 = Debug|x86
		{0B78B782-F4AE-4CE7-9273-772D1521C1C0}.Debug|x86.Deploy.0 = Debug|x86
		{0B78B782-F4AE-4CE7-9273-772D1521C1C0}.Release|Any CPU.ActiveCfg = Release|x86
		{0B78B782-F4AE-4CE7-9273-772D1521C1C0}.Release|Any CPU.Build.0 = Release|x86
		{0B78B782-F4AE-4CE7-9273-772D1521C1C0}.Release|Any CPU.Deploy.0 = Release|x86
		{0B78B782-F4AE-4CE7-9273-772D1521C1C0}.Release|ARM.ActiveCfg = Release|ARM
		{0B78B782-F4AE-4CE7-9273-772D1521C1C0}.Release|ARM.Build.0 = Release|ARM
		{0B78B782-F4AE-4CE7-9273-772D1521C1C0}.Release|ARM.Deploy.0 = Release|ARM
		{0B78B782-F4AE-4CE7-9273-772D1521C1C0}.Release|iPhone.ActiveCfg = Release|x86
		{0B78B782-F4AE-4CE7-9273-772D1521C1C0}.Release|iPhone.Build.0 = Release|x86
		{0B78B782-F4AE-4CE7-9273-772D1521C1C0}.Release|iPhone.Deploy.0 = Release|x86
		{0B78B782-F4AE-4CE7-9273-772D1521C1C0}.Release|iPhoneSimulator.ActiveCfg = Release|x86
		{0B78B782-F4AE-4CE7-9273-772D1521C1C0}.Release|iPhoneSimulator.Build.0 = Release|x86
		{0B78B782-F4AE-4CE7-9273-772D1521C1C0}.Release|iPhoneSimulator.Deploy.0 = Release|x86
		{0B78B782-F4AE-4CE7-9273-772D1521C1C0}.Release|x64.ActiveCfg = Release|x64
		{0B78B782-F4AE-4CE7-9273-772D1521C1C0}.Release|x64.Build.0 = Release|x64
		{0B78B782-F4AE-4CE7-9273-772D1521C1C0}.Release|x64.Deploy.0 = Release|x64
		{0B78B782-F4AE-4CE7-9273-772D1521C1C0}.Release|x86.ActiveCfg = Release|x86
		{0B78B782-F4AE-4CE7-9273-772D1521C1C0}.Release|x86.Build.0 = Release|x86
		{0B78B782-F4AE-4CE7-9273-772D1521C1C0}.Release|x86.Deploy.0 = Release|x86
		{42E94BB3-11FB-402C-A8BF-774D2E997592}.Ad-Hoc|Any CPU.ActiveCfg = Debug|Any CPU
		{42E94BB3-11FB-402C-A8BF-774D2E997592}.Ad-Hoc|Any CPU.Build.0 = Debug|Any CPU
		{42E94BB3-11FB-402C-A8BF-774D2E997592}.Ad-Hoc|Any CPU.Deploy.0 = Debug|Any CPU
		{42E94BB3-11FB-402C-A8BF-774D2E997592}.Ad-Hoc|ARM.ActiveCfg = Debug|Any CPU
		{42E94BB3-11FB-402C-A8BF-774D2E997592}.Ad-Hoc|ARM.Build.0 = Debug|Any CPU
		{42E94BB3-11FB-402C-A8BF-774D2E997592}.Ad-Hoc|ARM.Deploy.0 = Debug|Any CPU
		{42E94BB3-11FB-402C-A8BF-774D2E997592}.Ad-Hoc|iPhone.ActiveCfg = Debug|Any CPU
		{42E94BB3-11FB-402C-A8BF-774D2E997592}.Ad-Hoc|iPhone.Build.0 = Debug|Any CPU
		{42E94BB3-11FB-402C-A8BF-774D2E997592}.Ad-Hoc|iPhone.Deploy.0 = Debug|Any CPU
		{42E94BB3-11FB-402C-A8BF-774D2E997592}.Ad-Hoc|iPhoneSimulator.ActiveCfg = Debug|Any CPU
		{42E94BB3-11FB-402C-A8BF-774D2E997592}.Ad-Hoc|iPhoneSimulator.Build.0 = Debug|Any CPU
		{42E94BB3-11FB-402C-A8BF-774D2E997592}.Ad-Hoc|iPhoneSimulator.Deploy.0 = Debug|Any CPU
		{42E94BB3-11FB-402C-A8BF-774D2E997592}.Ad-Hoc|x64.ActiveCfg = Debug|Any CPU
		{42E94BB3-11FB-402C-A8BF-774D2E997592}.Ad-Hoc|x64.Build.0 = Debug|Any CPU
		{42E94BB3-11FB-402C-A8BF-774D2E997592}.Ad-Hoc|x64.Deploy.0 = Debug|Any CPU
		{42E94BB3-11FB-402C-A8BF-774D2E997592}.Ad-Hoc|x86.ActiveCfg = Debug|Any CPU
		{42E94BB3-11FB-402C-A8BF-774D2E997592}.Ad-Hoc|x86.Build.0 = Debug|Any CPU
		{42E94BB3-11FB-402C-A8BF-774D2E997592}.Ad-Hoc|x86.Deploy.0 = Debug|Any CPU
		{42E94BB3-11FB-402C-A8BF-774D2E997592}.AppStore|Any CPU.ActiveCfg = Debug|Any CPU
		{42E94BB3-11FB-402C-A8BF-774D2E997592}.AppStore|Any CPU.Build.0 = Debug|Any CPU
		{42E94BB3-11FB-402C-A8BF-774D2E997592}.AppStore|Any CPU.Deploy.0 = Debug|Any CPU
		{42E94BB3-11FB-402C-A8BF-774D2E997592}.AppStore|ARM.ActiveCfg = Debug|Any CPU
		{42E94BB3-11FB-402C-A8BF-774D2E997592}.AppStore|ARM.Build.0 = Debug|Any CPU
		{42E94BB3-11FB-402C-A8BF-774D2E997592}.AppStore|ARM.Deploy.0 = Debug|Any CPU
		{42E94BB3-11FB-402C-A8BF-774D2E997592}.AppStore|iPhone.ActiveCfg = Debug|Any CPU
		{42E94BB3-11FB-402C-A8BF-774D2E997592}.AppStore|iPhone.Build.0 = Debug|Any CPU
		{42E94BB3-11FB-402C-A8BF-774D2E997592}.AppStore|iPhone.Deploy.0 = Debug|Any CPU
		{42E94BB3-11FB-402C-A8BF-774D2E997592}.AppStore|iPhoneSimulator.ActiveCfg = Debug|Any CPU
		{42E94BB3-11FB-402C-A8BF-774D2E997592}.AppStore|iPhoneSimulator.Build.0 = Debug|Any CPU
		{42E94BB3-11FB-402C-A8BF-774D2E997592}.AppStore|iPhoneSimulator.Deploy.0 = Debug|Any CPU
		{42E94BB3-11FB-402C-A8BF-774D2E997592}.AppStore|x64.ActiveCfg = Debug|Any CPU
		{42E94BB3-11FB-402C-A8BF-774D2E997592}.AppStore|x64.Build.0 = Debug|Any CPU
		{42E94BB3-11FB-402C-A8BF-774D2E997592}.AppStore|x64.Deploy.0 = Debug|Any CPU
		{42E94BB3-11FB-402C-A8BF-774D2E997592}.AppStore|x86.ActiveCfg = Debug|Any CPU
		{42E94BB3-11FB-402C-A8BF-774D2E997592}.AppStore|x86.Build.0 = Debug|Any CPU
		{42E94BB3-11FB-402C-A8BF-774D2E997592}.AppStore|x86.Deploy.0 = Debug|Any CPU
		{42E94BB3-11FB-402C-A8BF-774D2E997592}.Debug|Any CPU.ActiveCfg = Debug|Any CPU
		{42E94BB3-11FB-402C-A8BF-774D2E997592}.Debug|Any CPU.Build.0 = Debug|Any CPU
		{42E94BB3-11FB-402C-A8BF-774D2E997592}.Debug|Any CPU.Deploy.0 = Debug|Any CPU
		{42E94BB3-11FB-402C-A8BF-774D2E997592}.Debug|ARM.ActiveCfg = Debug|Any CPU
		{42E94BB3-11FB-402C-A8BF-774D2E997592}.Debug|ARM.Build.0 = Debug|Any CPU
		{42E94BB3-11FB-402C-A8BF-774D2E997592}.Debug|ARM.Deploy.0 = Debug|Any CPU
		{42E94BB3-11FB-402C-A8BF-774D2E997592}.Debug|iPhone.ActiveCfg = Debug|Any CPU
		{42E94BB3-11FB-402C-A8BF-774D2E997592}.Debug|iPhone.Build.0 = Debug|Any CPU
		{42E94BB3-11FB-402C-A8BF-774D2E997592}.Debug|iPhone.Deploy.0 = Debug|Any CPU
		{42E94BB3-11FB-402C-A8BF-774D2E997592}.Debug|iPhoneSimulator.ActiveCfg = Debug|Any CPU
		{42E94BB3-11FB-402C-A8BF-774D2E997592}.Debug|iPhoneSimulator.Build.0 = Debug|Any CPU
		{42E94BB3-11FB-402C-A8BF-774D2E997592}.Debug|iPhoneSimulator.Deploy.0 = Debug|Any CPU
		{42E94BB3-11FB-402C-A8BF-774D2E997592}.Debug|x64.ActiveCfg = Debug|Any CPU
		{42E94BB3-11FB-402C-A8BF-774D2E997592}.Debug|x64.Build.0 = Debug|Any CPU
		{42E94BB3-11FB-402C-A8BF-774D2E997592}.Debug|x64.Deploy.0 = Debug|Any CPU
		{42E94BB3-11FB-402C-A8BF-774D2E997592}.Debug|x86.ActiveCfg = Debug|Any CPU
		{42E94BB3-11FB-402C-A8BF-774D2E997592}.Debug|x86.Build.0 = Debug|Any CPU
		{42E94BB3-11FB-402C-A8BF-774D2E997592}.Debug|x86.Deploy.0 = Debug|Any CPU
		{42E94BB3-11FB-402C-A8BF-774D2E997592}.Release|Any CPU.ActiveCfg = Release|Any CPU
		{42E94BB3-11FB-402C-A8BF-774D2E997592}.Release|Any CPU.Build.0 = Release|Any CPU
		{42E94BB3-11FB-402C-A8BF-774D2E997592}.Release|Any CPU.Deploy.0 = Release|Any CPU
		{42E94BB3-11FB-402C-A8BF-774D2E997592}.Release|ARM.ActiveCfg = Release|Any CPU
		{42E94BB3-11FB-402C-A8BF-774D2E997592}.Release|ARM.Build.0 = Release|Any CPU
		{42E94BB3-11FB-402C-A8BF-774D2E997592}.Release|ARM.Deploy.0 = Release|Any CPU
		{42E94BB3-11FB-402C-A8BF-774D2E997592}.Release|iPhone.ActiveCfg = Release|Any CPU
		{42E94BB3-11FB-402C-A8BF-774D2E997592}.Release|iPhone.Build.0 = Release|Any CPU
		{42E94BB3-11FB-402C-A8BF-774D2E997592}.Release|iPhone.Deploy.0 = Release|Any CPU
		{42E94BB3-11FB-402C-A8BF-774D2E997592}.Release|iPhoneSimulator.ActiveCfg = Release|Any CPU
		{42E94BB3-11FB-402C-A8BF-774D2E997592}.Release|iPhoneSimulator.Build.0 = Release|Any CPU
		{42E94BB3-11FB-402C-A8BF-774D2E997592}.Release|iPhoneSimulator.Deploy.0 = Release|Any CPU
		{42E94BB3-11FB-402C-A8BF-774D2E997592}.Release|x64.ActiveCfg = Release|Any CPU
		{42E94BB3-11FB-402C-A8BF-774D2E997592}.Release|x64.Build.0 = Release|Any CPU
		{42E94BB3-11FB-402C-A8BF-774D2E997592}.Release|x64.Deploy.0 = Release|Any CPU
		{42E94BB3-11FB-402C-A8BF-774D2E997592}.Release|x86.ActiveCfg = Release|Any CPU
		{42E94BB3-11FB-402C-A8BF-774D2E997592}.Release|x86.Build.0 = Release|Any CPU
		{42E94BB3-11FB-402C-A8BF-774D2E997592}.Release|x86.Deploy.0 = Release|Any CPU
	EndGlobalSection
	GlobalSection(SolutionProperties) = preSolution
		HideSolutionNode = FALSE
	EndGlobalSection
	GlobalSection(ExtensibilityGlobals) = postSolution
		SolutionGuid = {4ABCC8AB-03D2-4A2B-9219-2B0A0F2FFFEB}
	EndGlobalSection
EndGlobal
